
Microsoft Visual Studio Solution File, Format Version 12.00
# Visual Studio Version 16
VisualStudioVersion = 16.0.31019.35
MinimumVisualStudioVersion = 10.0.40219.1
Project("{9A19103F-16F7-4668-BE54-9A1E7A4F7556}") = "StoriesLibrary", "StoriesLibrary\Server\StoriesLibrary.csproj", "{0FCB632A-962D-4771-BBFB-90AEDE0D70A0}"
EndProject
Project("{9A19103F-16F7-4668-BE54-9A1E7A4F7556}") = "StoriesLibrary.Tests", "StoriesLibrary\StoriesLibrary.Tests\StoriesLibrary.Tests.csproj", "{F798094C-E453-4BC3-932B-55A348710C7B}"
EndProject
Global
	GlobalSection(SolutionConfigurationPlatforms) = preSolution
		Debug|Any CPU = Debug|Any CPU
		Release|Any CPU = Release|Any CPU
	EndGlobalSection
	GlobalSection(ProjectConfigurationPlatforms) = postSolution
		{0FCB632A-962D-4771-BBFB-90AEDE0D70A0}.Debug|Any CPU.ActiveCfg = Debug|Any CPU
		{0FCB632A-962D-4771-BBFB-90AEDE0D70A0}.Debug|Any CPU.Build.0 = Debug|Any CPU
		{0FCB632A-962D-4771-BBFB-90AEDE0D70A0}.Release|Any CPU.ActiveCfg = Release|Any CPU
		{0FCB632A-962D-4771-BBFB-90AEDE0D70A0}.Release|Any CPU.Build.0 = Release|Any CPU
		{F798094C-E453-4BC3-932B-55A348710C7B}.Debug|Any CPU.ActiveCfg = Debug|Any CPU
		{F798094C-E453-4BC3-932B-55A348710C7B}.Debug|Any CPU.Build.0 = Debug|Any CPU
		{F798094C-E453-4BC3-932B-55A348710C7B}.Release|Any CPU.ActiveCfg = Release|Any CPU
		{F798094C-E453-4BC3-932B-55A348710C7B}.Release|Any CPU.Build.0 = Release|Any CPU
	EndGlobalSection
	GlobalSection(SolutionProperties) = preSolution
		HideSolutionNode = FALSE
	EndGlobalSection
	GlobalSection(ExtensibilityGlobals) = postSolution
		SolutionGuid = {F2616546-6D44-4DA0-A2CC-EBD9936F5A40}
	EndGlobalSection
EndGlobal
